
Microsoft Visual Studio Solution File, Format Version 12.00
# Visual Studio Version 16
VisualStudioVersion = 16.0.31515.178
MinimumVisualStudioVersion = 10.0.40219.1
Project("{C9674DCB-5085-4A16-B785-4C70DD1589BD}") = "Integration Services Project1_DPEI", "Integration Services Project1_DPEI\Integration Services Project1_DPEI.dtproj", "{606A8231-9C9A-4969-BA24-E5AC1F4648A9}"
EndProject
Global
	GlobalSection(SolutionConfigurationPlatforms) = preSolution
		Development|Default = Development|Default
	EndGlobalSection
	GlobalSection(ProjectConfigurationPlatforms) = postSolution
		{606A8231-9C9A-4969-BA24-E5AC1F4648A9}.Development|Default.ActiveCfg = Development
		{606A8231-9C9A-4969-BA24-E5AC1F4648A9}.Development|Default.Build.0 = Development
	EndGlobalSection
	GlobalSection(SolutionProperties) = preSolution
		HideSolutionNode = FALSE
	EndGlobalSection
	GlobalSection(ExtensibilityGlobals) = postSolution
		SolutionGuid = {0AEBAD37-8354-4F6F-8CCF-4324B949F2A2}
	EndGlobalSection
EndGlobal
